
Microsoft Visual Studio Solution File, Format Version 12.00
# Visual Studio 15
VisualStudioVersion = 15.0.27130.2027
MinimumVisualStudioVersion = 10.0.40219.1
Project("{FAE04EC0-301F-11D3-BF4B-00C04F79EFBC}") = "testing", "testing\testing.csproj", "{FEECD66D-E121-47CB-9FD9-FB4A267AD45F}"
EndProject
Global
	GlobalSection(SolutionConfigurationPlatforms) = preSolution
		Debug|Any CPU = Debug|Any CPU
		Release|Any CPU = Release|Any CPU
	EndGlobalSection
	GlobalSection(ProjectConfigurationPlatforms) = postSolution
		{FEECD66D-E121-47CB-9FD9-FB4A267AD45F}.Debug|Any CPU.ActiveCfg = Debug|Any CPU
		{FEECD66D-E121-47CB-9FD9-FB4A267AD45F}.Debug|Any CPU.Build.0 = Debug|Any CPU
		{FEECD66D-E121-47CB-9FD9-FB4A267AD45F}.Release|Any CPU.ActiveCfg = Release|Any CPU
		{FEECD66D-E121-47CB-9FD9-FB4A267AD45F}.Release|Any CPU.Build.0 = Release|Any CPU
	EndGlobalSection
	GlobalSection(SolutionProperties) = preSolution
		HideSolutionNode = FALSE
	EndGlobalSection
	GlobalSection(ExtensibilityGlobals) = postSolution
		SolutionGuid = {D9BEB1B8-9B6F-4E1C-B06C-D6D31900C92E}
	EndGlobalSection
EndGlobal
